
Microsoft Visual Studio Solution File, Format Version 12.00
# Visual Studio 15
VisualStudioVersion = 15.0.27004.2005
MinimumVisualStudioVersion = 10.0.40219.1
Project("{FAE04EC0-301F-11D3-BF4B-00C04F79EFBC}") = "Lab1 c sharp", "Lab1 c sharp\Lab1 c sharp.csproj", "{D0566F13-955E-46A7-94E3-8210F95A47DF}"
EndProject
Project("{FAE04EC0-301F-11D3-BF4B-00C04F79EFBC}") = "Hope it's almost ready", "..\..\..\Desktop\Hope it's almost ready  (вар. 24 НАТ-173 Щербак Е.В.)\Hope it's almost ready\Hope it's almost ready.csproj", "{F2F19E52-A6DA-4179-A069-59E382DC5DFD}"
EndProject
Global
	GlobalSection(SolutionConfigurationPlatforms) = preSolution
		Debug|Any CPU = Debug|Any CPU
		Release|Any CPU = Release|Any CPU
	EndGlobalSection
	GlobalSection(ProjectConfigurationPlatforms) = postSolution
		{D0566F13-955E-46A7-94E3-8210F95A47DF}.Debug|Any CPU.ActiveCfg = Debug|Any CPU
		{D0566F13-955E-46A7-94E3-8210F95A47DF}.Debug|Any CPU.Build.0 = Debug|Any CPU
		{D0566F13-955E-46A7-94E3-8210F95A47DF}.Release|Any CPU.ActiveCfg = Release|Any CPU
		{D0566F13-955E-46A7-94E3-8210F95A47DF}.Release|Any CPU.Build.0 = Release|Any CPU
		{F2F19E52-A6DA-4179-A069-59E382DC5DFD}.Debug|Any CPU.ActiveCfg = Debug|Any CPU
		{F2F19E52-A6DA-4179-A069-59E382DC5DFD}.Debug|Any CPU.Build.0 = Debug|Any CPU
		{F2F19E52-A6DA-4179-A069-59E382DC5DFD}.Release|Any CPU.ActiveCfg = Release|Any CPU
		{F2F19E52-A6DA-4179-A069-59E382DC5DFD}.Release|Any CPU.Build.0 = Release|Any CPU
	EndGlobalSection
	GlobalSection(SolutionProperties) = preSolution
		HideSolutionNode = FALSE
	EndGlobalSection
	GlobalSection(ExtensibilityGlobals) = postSolution
		SolutionGuid = {C1768048-A585-43C5-81FC-FA5D59C940E4}
	EndGlobalSection
EndGlobal
